
Microsoft Visual Studio Solution File, Format Version 12.00
# Visual Studio Version 17
VisualStudioVersion = 17.9.34701.34
MinimumVisualStudioVersion = 10.0.40219.1
Project("{FAE04EC0-301F-11D3-BF4B-00C04F79EFBC}") = "clustering-information-retrieval", "clustering-information-retrieval\clustering-information-retrieval.csproj", "{2E87FF50-7018-4D18-9ED9-234483906F4F}"
EndProject
Global
	GlobalSection(SolutionConfigurationPlatforms) = preSolution
		Debug|Any CPU = Debug|Any CPU
		Release|Any CPU = Release|Any CPU
	EndGlobalSection
	GlobalSection(ProjectConfigurationPlatforms) = postSolution
		{2E87FF50-7018-4D18-9ED9-234483906F4F}.Debug|Any CPU.ActiveCfg = Debug|Any CPU
		{2E87FF50-7018-4D18-9ED9-234483906F4F}.Debug|Any CPU.Build.0 = Debug|Any CPU
		{2E87FF50-7018-4D18-9ED9-234483906F4F}.Release|Any CPU.ActiveCfg = Release|Any CPU
		{2E87FF50-7018-4D18-9ED9-234483906F4F}.Release|Any CPU.Build.0 = Release|Any CPU
	EndGlobalSection
	GlobalSection(SolutionProperties) = preSolution
		HideSolutionNode = FALSE
	EndGlobalSection
	GlobalSection(ExtensibilityGlobals) = postSolution
		SolutionGuid = {E191D0C0-F0AB-4BF3-AAC0-310C29B24AFE}
	EndGlobalSection
EndGlobal
